
Microsoft Visual Studio Solution File, Format Version 12.00
# Visual Studio 15
VisualStudioVersion = 15.0.28307.136
MinimumVisualStudioVersion = 10.0.40219.1
Project("{2150E333-8FDC-42A3-9474-1A3956D46DE8}") = "Lab4", "Lab4", "{A0AEDEC8-B40A-468B-84AF-D9FF53B24F98}"
EndProject
Project("{FAE04EC0-301F-11D3-BF4B-00C04F79EFBC}") = "Lab4Website", "Lab4\Lab4Website\Lab4Website.csproj", "{FF33479E-30BD-4A19-8049-FE7F576C3573}"
EndProject
Global
	GlobalSection(SolutionConfigurationPlatforms) = preSolution
		Debug|Any CPU = Debug|Any CPU
		Release|Any CPU = Release|Any CPU
	EndGlobalSection
	GlobalSection(ProjectConfigurationPlatforms) = postSolution
		{FF33479E-30BD-4A19-8049-FE7F576C3573}.Debug|Any CPU.ActiveCfg = Debug|Any CPU
		{FF33479E-30BD-4A19-8049-FE7F576C3573}.Debug|Any CPU.Build.0 = Debug|Any CPU
		{FF33479E-30BD-4A19-8049-FE7F576C3573}.Release|Any CPU.ActiveCfg = Release|Any CPU
		{FF33479E-30BD-4A19-8049-FE7F576C3573}.Release|Any CPU.Build.0 = Release|Any CPU
	EndGlobalSection
	GlobalSection(SolutionProperties) = preSolution
		HideSolutionNode = FALSE
	EndGlobalSection
	GlobalSection(NestedProjects) = preSolution
		{FF33479E-30BD-4A19-8049-FE7F576C3573} = {A0AEDEC8-B40A-468B-84AF-D9FF53B24F98}
	EndGlobalSection
	GlobalSection(ExtensibilityGlobals) = postSolution
		SolutionGuid = {B8B43275-5BA1-4BE3-985D-E120255365C6}
	EndGlobalSection
EndGlobal
